// !$*UTF8*$!
{
	archiveVersion = 1;
	classes = {
	};
	objectVersion = 51;
	objects = {

/* Begin PBXBuildFile section */
		02F0D62EE72ADD6E77DCDDD9 /* Pods_mid.framework in Frameworks */ = {isa = PBXBuildFile; fileRef = 31DB1861D85445A3C7A32423 /* Pods_mid.framework */; };
		5651094C256BC9F100163966 /* search@2x.png in Resources */ = {isa = PBXBuildFile; fileRef = 56510946256BC9F100163966 /* search@2x.png */; };
		5651094D256BC9F100163966 /* setting-filled@2x.png in Resources */ = {isa = PBXBuildFile; fileRef = 56510947256BC9F100163966 /* setting-filled@2x.png */; };
		5651094E256BC9F100163966 /* setting@2x.png in Resources */ = {isa = PBXBuildFile; fileRef = 56510948256BC9F100163966 /* setting@2x.png */; };
		5651094F256BC9F100163966 /* compass@2x.png in Resources */ = {isa = PBXBuildFile; fileRef = 56510949256BC9F100163966 /* compass@2x.png */; };
		56510950256BC9F100163966 /* compass-filled@2x.png in Resources */ = {isa = PBXBuildFile; fileRef = 5651094A256BC9F100163966 /* compass-filled@2x.png */; };
		56510951256BC9F100163966 /* search-filled@2x.png in Resources */ = {isa = PBXBuildFile; fileRef = 5651094B256BC9F100163966 /* search-filled@2x.png */; };
		56510959256BDB8D00163966 /* me@2x.png in Resources */ = {isa = PBXBuildFile; fileRef = 56510957256BDB8D00163966 /* me@2x.png */; };
		5651095A256BDB8D00163966 /* people@2x.png in Resources */ = {isa = PBXBuildFile; fileRef = 56510958256BDB8D00163966 /* people@2x.png */; };
		56510968256BEB1400163966 /* add@2x.png in Resources */ = {isa = PBXBuildFile; fileRef = 56510967256BEB1400163966 /* add@2x.png */; };
		5651096D256BEB6100163966 /* edvard-munch.png in Resources */ = {isa = PBXBuildFile; fileRef = 5651096C256BEB6100163966 /* edvard-munch.png */; };
		56510972256BED0700163966 /* user-filled@2x.png in Resources */ = {isa = PBXBuildFile; fileRef = 56510970256BED0700163966 /* user-filled@2x.png */; };
		56510973256BED0700163966 /* user@2x.png in Resources */ = {isa = PBXBuildFile; fileRef = 56510971256BED0700163966 /* user@2x.png */; };
		565109A0256C205800163966 /* like.png in Resources */ = {isa = PBXBuildFile; fileRef = 5651099A256C205700163966 /* like.png */; };
		565109A1256C205800163966 /* comment-filled.png in Resources */ = {isa = PBXBuildFile; fileRef = 5651099B256C205700163966 /* comment-filled.png */; };
		565109A2256C205800163966 /* fav-filled.png in Resources */ = {isa = PBXBuildFile; fileRef = 5651099C256C205700163966 /* fav-filled.png */; };
		565109A3256C205800163966 /* comment.png in Resources */ = {isa = PBXBuildFile; fileRef = 5651099D256C205800163966 /* comment.png */; };
		565109A4256C205800163966 /* fav.png in Resources */ = {isa = PBXBuildFile; fileRef = 5651099E256C205800163966 /* fav.png */; };
		565109A5256C205800163966 /* like-filled.png in Resources */ = {isa = PBXBuildFile; fileRef = 5651099F256C205800163966 /* like-filled.png */; };
		565109B3256CE4C600163966 /* PostCell.xib in Resources */ = {isa = PBXBuildFile; fileRef = 56510996256C1DD200163966 /* PostCell.xib */; };
		56510A0B256E22A500163966 /* chen.png in Resources */ = {isa = PBXBuildFile; fileRef = 56510A0A256E22A500163966 /* chen.png */; };
		56529261256FFFA50007C033 /* test101.jpg in Resources */ = {isa = PBXBuildFile; fileRef = 56529258256FFFA40007C033 /* test101.jpg */; };
		56529262256FFFA50007C033 /* test105.jpg in Resources */ = {isa = PBXBuildFile; fileRef = 56529259256FFFA40007C033 /* test105.jpg */; };
		56529263256FFFA50007C033 /* test106.jpg in Resources */ = {isa = PBXBuildFile; fileRef = 5652925A256FFFA40007C033 /* test106.jpg */; };
		56529264256FFFA50007C033 /* test108.jpg in Resources */ = {isa = PBXBuildFile; fileRef = 5652925B256FFFA40007C033 /* test108.jpg */; };
		56529265256FFFA50007C033 /* test104.jpg in Resources */ = {isa = PBXBuildFile; fileRef = 5652925C256FFFA50007C033 /* test104.jpg */; };
		56529266256FFFA50007C033 /* test102.jpg in Resources */ = {isa = PBXBuildFile; fileRef = 5652925D256FFFA50007C033 /* test102.jpg */; };
		56529267256FFFA50007C033 /* test103.jpg in Resources */ = {isa = PBXBuildFile; fileRef = 5652925E256FFFA50007C033 /* test103.jpg */; };
		56529268256FFFA50007C033 /* test107.jpg in Resources */ = {isa = PBXBuildFile; fileRef = 5652925F256FFFA50007C033 /* test107.jpg */; };
		56529269256FFFA50007C033 /* test100.jpg in Resources */ = {isa = PBXBuildFile; fileRef = 56529260256FFFA50007C033 /* test100.jpg */; };
		565292822571FB3E0007C033 /* testPic.jpg in Resources */ = {isa = PBXBuildFile; fileRef = 565292732571FB3D0007C033 /* testPic.jpg */; };
		565292852571FB3E0007C033 /* testPortrait.jpg in Resources */ = {isa = PBXBuildFile; fileRef = 565292762571FB3D0007C033 /* testPortrait.jpg */; };
		5652929C2571FE990007C033 /* test205.jpg in Resources */ = {isa = PBXBuildFile; fileRef = 565292932571FE980007C033 /* test205.jpg */; };
		5652929D2571FE990007C033 /* test202.jpg in Resources */ = {isa = PBXBuildFile; fileRef = 565292942571FE980007C033 /* test202.jpg */; };
		5652929E2571FE990007C033 /* test204.jpg in Resources */ = {isa = PBXBuildFile; fileRef = 565292952571FE980007C033 /* test204.jpg */; };
		5652929F2571FE990007C033 /* test206.jpg in Resources */ = {isa = PBXBuildFile; fileRef = 565292962571FE980007C033 /* test206.jpg */; };
		565292A02571FE990007C033 /* test203.jpg in Resources */ = {isa = PBXBuildFile; fileRef = 565292972571FE980007C033 /* test203.jpg */; };
		565292A12571FE990007C033 /* test207.jpg in Resources */ = {isa = PBXBuildFile; fileRef = 565292982571FE980007C033 /* test207.jpg */; };
		565292A22571FE990007C033 /* test201.jpg in Resources */ = {isa = PBXBuildFile; fileRef = 565292992571FE980007C033 /* test201.jpg */; };
		565292A32571FE990007C033 /* test200.jpg in Resources */ = {isa = PBXBuildFile; fileRef = 5652929A2571FE980007C033 /* test200.jpg */; };
		565292A42571FE990007C033 /* test208.jpg in Resources */ = {isa = PBXBuildFile; fileRef = 5652929B2571FE990007C033 /* test208.jpg */; };
		565292CC25728C7F0007C033 /* CommentCell.xib in Resources */ = {isa = PBXBuildFile; fileRef = 565292CA25728C7F0007C033 /* CommentCell.xib */; };
		565729EC2573879900AE33D9 /* testAvator1.jpg in Resources */ = {isa = PBXBuildFile; fileRef = 565729EA2573879900AE33D9 /* testAvator1.jpg */; };
		565729ED2573879900AE33D9 /* testAvator2.jpg in Resources */ = {isa = PBXBuildFile; fileRef = 565729EB2573879900AE33D9 /* testAvator2.jpg */; };
		565729FB2573AAC000AE33D9 /* LogInViewController.xib in Resources */ = {isa = PBXBuildFile; fileRef = 565729F92573AAC000AE33D9 /* LogInViewController.xib */; };
		56572A972577D0D600AE33D9 /* UserInfo.m in Sources */ = {isa = PBXBuildFile; fileRef = 56572A102574DF9200AE33D9 /* UserInfo.m */; };
		56572A982577D0D600AE33D9 /* ContentItem.m in Sources */ = {isa = PBXBuildFile; fileRef = 56572A442575E4CC00AE33D9 /* ContentItem.m */; };
		56572A992577D0D600AE33D9 /* FullDataItem.m in Sources */ = {isa = PBXBuildFile; fileRef = 56572A4925763CA800AE33D9 /* FullDataItem.m */; };
		56572A9A2577D0D600AE33D9 /* FullCommentItem.m in Sources */ = {isa = PBXBuildFile; fileRef = 56572A502577555E00AE33D9 /* FullCommentItem.m */; };
		56572A9B2577D0D600AE33D9 /* ReplyItem.m in Sources */ = {isa = PBXBuildFile; fileRef = 56572A892577CAB400AE33D9 /* ReplyItem.m */; };
		56572A9D2577D0D600AE33D9 /* LogInViewController.m in Sources */ = {isa = PBXBuildFile; fileRef = 565729F82573AAC000AE33D9 /* LogInViewController.m */; };
		56572A9E2577D0D600AE33D9 /* PostCell.m in Sources */ = {isa = PBXBuildFile; fileRef = 56510995256C1DD200163966 /* PostCell.m */; };
		56572A9F2577D0D600AE33D9 /* PostViewController.m in Sources */ = {isa = PBXBuildFile; fileRef = 56529244256FF9850007C033 /* PostViewController.m */; };
		56572AA02577D0D600AE33D9 /* AlbumViewController.m in Sources */ = {isa = PBXBuildFile; fileRef = 56529249256FF9910007C033 /* AlbumViewController.m */; };
		56572AA12577D0D600AE33D9 /* InfoViewController.m in Sources */ = {isa = PBXBuildFile; fileRef = 565292A82572066A0007C033 /* InfoViewController.m */; };
		56572AA22577D0D600AE33D9 /* ProfilePageViewController.m in Sources */ = {isa = PBXBuildFile; fileRef = 5652923C256FE7050007C033 /* ProfilePageViewController.m */; };
		56572AA32577D0D600AE33D9 /* WritingPostViewController.m in Sources */ = {isa = PBXBuildFile; fileRef = 565109AA256CDCEC00163966 /* WritingPostViewController.m */; };
		56572AA42577D0D600AE33D9 /* CommentTableViewController.m in Sources */ = {isa = PBXBuildFile; fileRef = 565292C4257280170007C033 /* CommentTableViewController.m */; };
		56572AA52577D0D600AE33D9 /* CommentCell.m in Sources */ = {isa = PBXBuildFile; fileRef = 565292C925728C7F0007C033 /* CommentCell.m */; };
		56572AA62577D0D600AE33D9 /* ImageSender.m in Sources */ = {isa = PBXBuildFile; fileRef = 565109E5256D3C4E00163966 /* ImageSender.m */; };
		56572AA72577D0D600AE33D9 /* BigImageViewController.m in Sources */ = {isa = PBXBuildFile; fileRef = 56510A01256D6C6F00163966 /* BigImageViewController.m */; };
		56572AA82577D0D600AE33D9 /* InfoSettingViewController.m in Sources */ = {isa = PBXBuildFile; fileRef = 565729B725737E2600AE33D9 /* InfoSettingViewController.m */; };
		56572AA92577D0D600AE33D9 /* MessageViewController.m in Sources */ = {isa = PBXBuildFile; fileRef = 565729BB25737ED200AE33D9 /* MessageViewController.m */; };
		56572AAA2577D0D600AE33D9 /* SystemSettingController.m in Sources */ = {isa = PBXBuildFile; fileRef = 565729BF25737EF600AE33D9 /* SystemSettingController.m */; };
		56572AAB2577D0D600AE33D9 /* UserCenterViewController.m in Sources */ = {isa = PBXBuildFile; fileRef = 56510901256BA52B00163966 /* UserCenterViewController.m */; };
		56572AAC2577D0D600AE33D9 /* DiscoverViewController.m in Sources */ = {isa = PBXBuildFile; fileRef = 565108FD256BA52000163966 /* DiscoverViewController.m */; };
		56572AAD2577D0D600AE33D9 /* MainPageViewController.m in Sources */ = {isa = PBXBuildFile; fileRef = 565108F9256BA50B00163966 /* MainPageViewController.m */; };
		56572AAE2577D0D600AE33D9 /* TabBarController.m in Sources */ = {isa = PBXBuildFile; fileRef = 565108F5256B9FAF00163966 /* TabBarController.m */; };
		56572AAF2577D0D600AE33D9 /* AppDelegate.m in Sources */ = {isa = PBXBuildFile; fileRef = 5656D2C5256B5851007B92B2 /* AppDelegate.m */; };
		56572AB02577D0D600AE33D9 /* SceneDelegate.m in Sources */ = {isa = PBXBuildFile; fileRef = 5656D2C8256B5851007B92B2 /* SceneDelegate.m */; };
		56572AB12577D0D600AE33D9 /* main.m in Sources */ = {isa = PBXBuildFile; fileRef = 5656D2D6256B5853007B92B2 /* main.m */; };
		56572ABC2577D1D100AE33D9 /* MiniUserItem.m in Sources */ = {isa = PBXBuildFile; fileRef = 56572AB82577D15A00AE33D9 /* MiniUserItem.m */; };
		56572AC02577D2F800AE33D9 /* CommentItem.m in Sources */ = {isa = PBXBuildFile; fileRef = 56572ABF2577D2F800AE33D9 /* CommentItem.m */; };
		56572AC82577D82900AE33D9 /* maleUser.png in Resources */ = {isa = PBXBuildFile; fileRef = 56572AC32577D82900AE33D9 /* maleUser.png */; };
		56572AC92577D82900AE33D9 /* femaleUser.png in Resources */ = {isa = PBXBuildFile; fileRef = 56572AC42577D82900AE33D9 /* femaleUser.png */; };
		56572ACA2577D82900AE33D9 /* famale.png in Resources */ = {isa = PBXBuildFile; fileRef = 56572AC52577D82900AE33D9 /* famale.png */; };
		56572ACB2577D82900AE33D9 /* male.png in Resources */ = {isa = PBXBuildFile; fileRef = 56572AC62577D82900AE33D9 /* male.png */; };
		56572ACC2577D82900AE33D9 /* kawaii-dinosaur.png in Resources */ = {isa = PBXBuildFile; fileRef = 56572AC72577D82900AE33D9 /* kawaii-dinosaur.png */; };
		56572AD02577E34F00AE33D9 /* CommentCellItem.m in Sources */ = {isa = PBXBuildFile; fileRef = 56572ACF2577E34F00AE33D9 /* CommentCellItem.m */; };
		56572AD42577E6BB00AE33D9 /* FullReplyItem.m in Sources */ = {isa = PBXBuildFile; fileRef = 56572AD32577E6BB00AE33D9 /* FullReplyItem.m */; };
		56572AD92577F5A300AE33D9 /* ReplyCell.m in Sources */ = {isa = PBXBuildFile; fileRef = 56572AD72577F5A300AE33D9 /* ReplyCell.m */; };
		56572ADA2577F5A300AE33D9 /* ReplyCell.xib in Resources */ = {isa = PBXBuildFile; fileRef = 56572AD82577F5A300AE33D9 /* ReplyCell.xib */; };
		56572ADE257802B600AE33D9 /* FullContentItem.m in Sources */ = {isa = PBXBuildFile; fileRef = 56572ADD257802B600AE33D9 /* FullContentItem.m */; };
		56F90B1625788C4E0055A2B0 /* bookmark-color.png in Resources */ = {isa = PBXBuildFile; fileRef = 56F90B1325788C4D0055A2B0 /* bookmark-color.png */; };
		56F90B1725788C4E0055A2B0 /* like-color.png in Resources */ = {isa = PBXBuildFile; fileRef = 56F90B1425788C4E0055A2B0 /* like-color.png */; };
		56F90B1825788C4E0055A2B0 /* comments.png in Resources */ = {isa = PBXBuildFile; fileRef = 56F90B1525788C4E0055A2B0 /* comments.png */; };
		56F90B1C25789CCB0055A2B0 /* delete.png in Resources */ = {isa = PBXBuildFile; fileRef = 56F90B1B25789CCB0055A2B0 /* delete.png */; };
		56F90B202578CED50055A2B0 /* AlbumItem.m in Sources */ = {isa = PBXBuildFile; fileRef = 56F90B1F2578CED50055A2B0 /* AlbumItem.m */; };
		56F90B232578D5AD0055A2B0 /* noImage.jpg in Resources */ = {isa = PBXBuildFile; fileRef = 56F90B222578D5AD0055A2B0 /* noImage.jpg */; };
/* End PBXBuildFile section */

/* Begin PBXFileReference section */
		31DB1861D85445A3C7A32423 /* Pods_mid.framework */ = {isa = PBXFileReference; explicitFileType = wrapper.framework; includeInIndex = 0; path = Pods_mid.framework; sourceTree = BUILT_PRODUCTS_DIR; };
		565108F4256B9FAF00163966 /* TabBarController.h */ = {isa = PBXFileReference; lastKnownFileType = sourcecode.c.h; path = TabBarController.h; sourceTree = "<group>"; };
		565108F5256B9FAF00163966 /* TabBarController.m */ = {isa = PBXFileReference; lastKnownFileType = sourcecode.c.objc; path = TabBarController.m; sourceTree = "<group>"; };
		565108F8256BA50B00163966 /* MainPageViewController.h */ = {isa = PBXFileReference; lastKnownFileType = sourcecode.c.h; path = MainPageViewController.h; sourceTree = "<group>"; };
		565108F9256BA50B00163966 /* MainPageViewController.m */ = {isa = PBXFileReference; lastKnownFileType = sourcecode.c.objc; path = MainPageViewController.m; sourceTree = "<group>"; };
		565108FC256BA51F00163966 /* DiscoverViewController.h */ = {isa = PBXFileReference; lastKnownFileType = sourcecode.c.h; path = DiscoverViewController.h; sourceTree = "<group>"; };
		565108FD256BA52000163966 /* DiscoverViewController.m */ = {isa = PBXFileReference; lastKnownFileType = sourcecode.c.objc; path = DiscoverViewController.m; sourceTree = "<group>"; };
		56510900256BA52B00163966 /* UserCenterViewController.h */ = {isa = PBXFileReference; lastKnownFileType = sourcecode.c.h; path = UserCenterViewController.h; sourceTree = "<group>"; };
		56510901256BA52B00163966 /* UserCenterViewController.m */ = {isa = PBXFileReference; lastKnownFileType = sourcecode.c.objc; path = UserCenterViewController.m; sourceTree = "<group>"; };
		56510946256BC9F100163966 /* search@2x.png */ = {isa = PBXFileReference; lastKnownFileType = image.png; path = "search@2x.png"; sourceTree = "<group>"; };
		56510947256BC9F100163966 /* setting-filled@2x.png */ = {isa = PBXFileReference; lastKnownFileType = image.png; path = "setting-filled@2x.png"; sourceTree = "<group>"; };
		56510948256BC9F100163966 /* setting@2x.png */ = {isa = PBXFileReference; lastKnownFileType = image.png; path = "setting@2x.png"; sourceTree = "<group>"; };
		56510949256BC9F100163966 /* compass@2x.png */ = {isa = PBXFileReference; lastKnownFileType = image.png; path = "compass@2x.png"; sourceTree = "<group>"; };
		5651094A256BC9F100163966 /* compass-filled@2x.png */ = {isa = PBXFileReference; lastKnownFileType = image.png; path = "compass-filled@2x.png"; sourceTree = "<group>"; };
		5651094B256BC9F100163966 /* search-filled@2x.png */ = {isa = PBXFileReference; lastKnownFileType = image.png; path = "search-filled@2x.png"; sourceTree = "<group>"; };
		56510957256BDB8D00163966 /* me@2x.png */ = {isa = PBXFileReference; lastKnownFileType = image.png; path = "me@2x.png"; sourceTree = "<group>"; };
		56510958256BDB8D00163966 /* people@2x.png */ = {isa = PBXFileReference; lastKnownFileType = image.png; path = "people@2x.png"; sourceTree = "<group>"; };
		56510967256BEB1400163966 /* add@2x.png */ = {isa = PBXFileReference; lastKnownFileType = image.png; path = "add@2x.png"; sourceTree = "<group>"; };
		5651096C256BEB6100163966 /* edvard-munch.png */ = {isa = PBXFileReference; lastKnownFileType = image.png; path = "edvard-munch.png"; sourceTree = "<group>"; };
		56510970256BED0700163966 /* user-filled@2x.png */ = {isa = PBXFileReference; lastKnownFileType = image.png; path = "user-filled@2x.png"; sourceTree = "<group>"; };
		56510971256BED0700163966 /* user@2x.png */ = {isa = PBXFileReference; lastKnownFileType = image.png; path = "user@2x.png"; sourceTree = "<group>"; };
		56510994256C1DD200163966 /* PostCell.h */ = {isa = PBXFileReference; lastKnownFileType = sourcecode.c.h; path = PostCell.h; sourceTree = "<group>"; };
		56510995256C1DD200163966 /* PostCell.m */ = {isa = PBXFileReference; lastKnownFileType = sourcecode.c.objc; path = PostCell.m; sourceTree = "<group>"; };
		56510996256C1DD200163966 /* PostCell.xib */ = {isa = PBXFileReference; lastKnownFileType = file.xib; path = PostCell.xib; sourceTree = "<group>"; };
		5651099A256C205700163966 /* like.png */ = {isa = PBXFileReference; lastKnownFileType = image.png; path = like.png; sourceTree = "<group>"; };
		5651099B256C205700163966 /* comment-filled.png */ = {isa = PBXFileReference; lastKnownFileType = image.png; path = "comment-filled.png"; sourceTree = "<group>"; };
		5651099C256C205700163966 /* fav-filled.png */ = {isa = PBXFileReference; lastKnownFileType = image.png; path = "fav-filled.png"; sourceTree = "<group>"; };
		5651099D256C205800163966 /* comment.png */ = {isa = PBXFileReference; lastKnownFileType = image.png; path = comment.png; sourceTree = "<group>"; };
		5651099E256C205800163966 /* fav.png */ = {isa = PBXFileReference; lastKnownFileType = image.png; path = fav.png; sourceTree = "<group>"; };
		5651099F256C205800163966 /* like-filled.png */ = {isa = PBXFileReference; lastKnownFileType = image.png; path = "like-filled.png"; sourceTree = "<group>"; };
		565109A9256CDCEC00163966 /* WritingPostViewController.h */ = {isa = PBXFileReference; fileEncoding = 4; lastKnownFileType = sourcecode.c.h; path = WritingPostViewController.h; sourceTree = "<group>"; };
		565109AA256CDCEC00163966 /* WritingPostViewController.m */ = {isa = PBXFileReference; fileEncoding = 4; lastKnownFileType = sourcecode.c.objc; path = WritingPostViewController.m; sourceTree = "<group>"; };
		565109E4256D3C4E00163966 /* ImageSender.h */ = {isa = PBXFileReference; lastKnownFileType = sourcecode.c.h; path = ImageSender.h; sourceTree = "<group>"; };
		565109E5256D3C4E00163966 /* ImageSender.m */ = {isa = PBXFileReference; lastKnownFileType = sourcecode.c.objc; path = ImageSender.m; sourceTree = "<group>"; };
		56510A00256D6C6F00163966 /* BigImageViewController.h */ = {isa = PBXFileReference; lastKnownFileType = sourcecode.c.h; path = BigImageViewController.h; sourceTree = "<group>"; };
		56510A01256D6C6F00163966 /* BigImageViewController.m */ = {isa = PBXFileReference; lastKnownFileType = sourcecode.c.objc; path = BigImageViewController.m; sourceTree = "<group>"; };
		56510A0A256E22A500163966 /* chen.png */ = {isa = PBXFileReference; lastKnownFileType = image.png; path = chen.png; sourceTree = "<group>"; };
		5652923B256FE7050007C033 /* ProfilePageViewController.h */ = {isa = PBXFileReference; lastKnownFileType = sourcecode.c.h; path = ProfilePageViewController.h; sourceTree = "<group>"; };
		5652923C256FE7050007C033 /* ProfilePageViewController.m */ = {isa = PBXFileReference; lastKnownFileType = sourcecode.c.objc; path = ProfilePageViewController.m; sourceTree = "<group>"; };
		56529243256FF9850007C033 /* PostViewController.h */ = {isa = PBXFileReference; lastKnownFileType = sourcecode.c.h; path = PostViewController.h; sourceTree = "<group>"; };
		56529244256FF9850007C033 /* PostViewController.m */ = {isa = PBXFileReference; lastKnownFileType = sourcecode.c.objc; path = PostViewController.m; sourceTree = "<group>"; };
		56529248256FF9910007C033 /* AlbumViewController.h */ = {isa = PBXFileReference; lastKnownFileType = sourcecode.c.h; path = AlbumViewController.h; sourceTree = "<group>"; };
		56529249256FF9910007C033 /* AlbumViewController.m */ = {isa = PBXFileReference; lastKnownFileType = sourcecode.c.objc; path = AlbumViewController.m; sourceTree = "<group>"; };
		56529258256FFFA40007C033 /* test101.jpg */ = {isa = PBXFileReference; lastKnownFileType = image.jpeg; path = test101.jpg; sourceTree = "<group>"; };
		56529259256FFFA40007C033 /* test105.jpg */ = {isa = PBXFileReference; lastKnownFileType = image.jpeg; path = test105.jpg; sourceTree = "<group>"; };
		5652925A256FFFA40007C033 /* test106.jpg */ = {isa = PBXFileReference; lastKnownFileType = image.jpeg; path = test106.jpg; sourceTree = "<group>"; };
		5652925B256FFFA40007C033 /* test108.jpg */ = {isa = PBXFileReference; lastKnownFileType = image.jpeg; path = test108.jpg; sourceTree = "<group>"; };
		5652925C256FFFA50007C033 /* test104.jpg */ = {isa = PBXFileReference; lastKnownFileType = image.jpeg; path = test104.jpg; sourceTree = "<group>"; };
		5652925D256FFFA50007C033 /* test102.jpg */ = {isa = PBXFileReference; lastKnownFileType = image.jpeg; path = test102.jpg; sourceTree = "<group>"; };
		5652925E256FFFA50007C033 /* test103.jpg */ = {isa = PBXFileReference; lastKnownFileType = image.jpeg; path = test103.jpg; sourceTree = "<group>"; };
		5652925F256FFFA50007C033 /* test107.jpg */ = {isa = PBXFileReference; lastKnownFileType = image.jpeg; path = test107.jpg; sourceTree = "<group>"; };
		56529260256FFFA50007C033 /* test100.jpg */ = {isa = PBXFileReference; lastKnownFileType = image.jpeg; path = test100.jpg; sourceTree = "<group>"; };
		565292732571FB3D0007C033 /* testPic.jpg */ = {isa = PBXFileReference; lastKnownFileType = image.jpeg; path = testPic.jpg; sourceTree = "<group>"; };
		565292762571FB3D0007C033 /* testPortrait.jpg */ = {isa = PBXFileReference; lastKnownFileType = image.jpeg; path = testPortrait.jpg; sourceTree = "<group>"; };
		565292932571FE980007C033 /* test205.jpg */ = {isa = PBXFileReference; lastKnownFileType = image.jpeg; path = test205.jpg; sourceTree = "<group>"; };
		565292942571FE980007C033 /* test202.jpg */ = {isa = PBXFileReference; lastKnownFileType = image.jpeg; path = test202.jpg; sourceTree = "<group>"; };
		565292952571FE980007C033 /* test204.jpg */ = {isa = PBXFileReference; lastKnownFileType = image.jpeg; path = test204.jpg; sourceTree = "<group>"; };
		565292962571FE980007C033 /* test206.jpg */ = {isa = PBXFileReference; lastKnownFileType = image.jpeg; path = test206.jpg; sourceTree = "<group>"; };
		565292972571FE980007C033 /* test203.jpg */ = {isa = PBXFileReference; lastKnownFileType = image.jpeg; path = test203.jpg; sourceTree = "<group>"; };
		565292982571FE980007C033 /* test207.jpg */ = {isa = PBXFileReference; lastKnownFileType = image.jpeg; path = test207.jpg; sourceTree = "<group>"; };
		565292992571FE980007C033 /* test201.jpg */ = {isa = PBXFileReference; lastKnownFileType = image.jpeg; path = test201.jpg; sourceTree = "<group>"; };
		5652929A2571FE980007C033 /* test200.jpg */ = {isa = PBXFileReference; lastKnownFileType = image.jpeg; path = test200.jpg; sourceTree = "<group>"; };
		5652929B2571FE990007C033 /* test208.jpg */ = {isa = PBXFileReference; lastKnownFileType = image.jpeg; path = test208.jpg; sourceTree = "<group>"; };
		565292A72572066A0007C033 /* InfoViewController.h */ = {isa = PBXFileReference; lastKnownFileType = sourcecode.c.h; path = InfoViewController.h; sourceTree = "<group>"; };
		565292A82572066A0007C033 /* InfoViewController.m */ = {isa = PBXFileReference; lastKnownFileType = sourcecode.c.objc; path = InfoViewController.m; sourceTree = "<group>"; };
		565292C3257280170007C033 /* CommentTableViewController.h */ = {isa = PBXFileReference; lastKnownFileType = sourcecode.c.h; path = CommentTableViewController.h; sourceTree = "<group>"; };
		565292C4257280170007C033 /* CommentTableViewController.m */ = {isa = PBXFileReference; lastKnownFileType = sourcecode.c.objc; path = CommentTableViewController.m; sourceTree = "<group>"; };
		565292C825728C7F0007C033 /* CommentCell.h */ = {isa = PBXFileReference; lastKnownFileType = sourcecode.c.h; path = CommentCell.h; sourceTree = "<group>"; };
		565292C925728C7F0007C033 /* CommentCell.m */ = {isa = PBXFileReference; lastKnownFileType = sourcecode.c.objc; path = CommentCell.m; sourceTree = "<group>"; };
		565292CA25728C7F0007C033 /* CommentCell.xib */ = {isa = PBXFileReference; lastKnownFileType = file.xib; path = CommentCell.xib; sourceTree = "<group>"; };
		5656D2C1256B5851007B92B2 /* mid.app */ = {isa = PBXFileReference; explicitFileType = wrapper.application; includeInIndex = 0; path = mid.app; sourceTree = BUILT_PRODUCTS_DIR; };
		5656D2C4256B5851007B92B2 /* AppDelegate.h */ = {isa = PBXFileReference; lastKnownFileType = sourcecode.c.h; path = AppDelegate.h; sourceTree = "<group>"; };
		5656D2C5256B5851007B92B2 /* AppDelegate.m */ = {isa = PBXFileReference; lastKnownFileType = sourcecode.c.objc; path = AppDelegate.m; sourceTree = "<group>"; };
		5656D2C7256B5851007B92B2 /* SceneDelegate.h */ = {isa = PBXFileReference; lastKnownFileType = sourcecode.c.h; path = SceneDelegate.h; sourceTree = "<group>"; };
		5656D2C8256B5851007B92B2 /* SceneDelegate.m */ = {isa = PBXFileReference; lastKnownFileType = sourcecode.c.objc; path = SceneDelegate.m; sourceTree = "<group>"; };
		5656D2D5256B5853007B92B2 /* Info.plist */ = {isa = PBXFileReference; lastKnownFileType = text.plist.xml; path = Info.plist; sourceTree = "<group>"; };
		5656D2D6256B5853007B92B2 /* main.m */ = {isa = PBXFileReference; lastKnownFileType = sourcecode.c.objc; path = main.m; sourceTree = "<group>"; };
		565729B625737E2600AE33D9 /* InfoSettingViewController.h */ = {isa = PBXFileReference; lastKnownFileType = sourcecode.c.h; path = InfoSettingViewController.h; sourceTree = "<group>"; };
		565729B725737E2600AE33D9 /* InfoSettingViewController.m */ = {isa = PBXFileReference; lastKnownFileType = sourcecode.c.objc; path = InfoSettingViewController.m; sourceTree = "<group>"; };
		565729BA25737ED200AE33D9 /* MessageViewController.h */ = {isa = PBXFileReference; lastKnownFileType = sourcecode.c.h; path = MessageViewController.h; sourceTree = "<group>"; };
		565729BB25737ED200AE33D9 /* MessageViewController.m */ = {isa = PBXFileReference; lastKnownFileType = sourcecode.c.objc; path = MessageViewController.m; sourceTree = "<group>"; };
		565729BE25737EF600AE33D9 /* SystemSettingController.h */ = {isa = PBXFileReference; lastKnownFileType = sourcecode.c.h; path = SystemSettingController.h; sourceTree = "<group>"; };
		565729BF25737EF600AE33D9 /* SystemSettingController.m */ = {isa = PBXFileReference; lastKnownFileType = sourcecode.c.objc; path = SystemSettingController.m; sourceTree = "<group>"; };
		565729EA2573879900AE33D9 /* testAvator1.jpg */ = {isa = PBXFileReference; lastKnownFileType = image.jpeg; path = testAvator1.jpg; sourceTree = "<group>"; };
		565729EB2573879900AE33D9 /* testAvator2.jpg */ = {isa = PBXFileReference; lastKnownFileType = image.jpeg; path = testAvator2.jpg; sourceTree = "<group>"; };
		565729F72573AAC000AE33D9 /* LogInViewController.h */ = {isa = PBXFileReference; lastKnownFileType = sourcecode.c.h; path = LogInViewController.h; sourceTree = "<group>"; };
		565729F82573AAC000AE33D9 /* LogInViewController.m */ = {isa = PBXFileReference; lastKnownFileType = sourcecode.c.objc; path = LogInViewController.m; sourceTree = "<group>"; };
		565729F92573AAC000AE33D9 /* LogInViewController.xib */ = {isa = PBXFileReference; lastKnownFileType = file.xib; path = LogInViewController.xib; sourceTree = "<group>"; };
		56572A0F2574DF9200AE33D9 /* UserInfo.h */ = {isa = PBXFileReference; lastKnownFileType = sourcecode.c.h; path = UserInfo.h; sourceTree = "<group>"; };
		56572A102574DF9200AE33D9 /* UserInfo.m */ = {isa = PBXFileReference; lastKnownFileType = sourcecode.c.objc; path = UserInfo.m; sourceTree = "<group>"; };
		56572A432575E4CC00AE33D9 /* ContentItem.h */ = {isa = PBXFileReference; lastKnownFileType = sourcecode.c.h; path = ContentItem.h; sourceTree = "<group>"; };
		56572A442575E4CC00AE33D9 /* ContentItem.m */ = {isa = PBXFileReference; lastKnownFileType = sourcecode.c.objc; path = ContentItem.m; sourceTree = "<group>"; };
		56572A4825763CA800AE33D9 /* FullDataItem.h */ = {isa = PBXFileReference; lastKnownFileType = sourcecode.c.h; path = FullDataItem.h; sourceTree = "<group>"; };
		56572A4925763CA800AE33D9 /* FullDataItem.m */ = {isa = PBXFileReference; lastKnownFileType = sourcecode.c.objc; path = FullDataItem.m; sourceTree = "<group>"; };
		56572A4F2577555E00AE33D9 /* FullCommentItem.h */ = {isa = PBXFileReference; lastKnownFileType = sourcecode.c.h; path = FullCommentItem.h; sourceTree = "<group>"; };
		56572A502577555E00AE33D9 /* FullCommentItem.m */ = {isa = PBXFileReference; lastKnownFileType = sourcecode.c.objc; path = FullCommentItem.m; sourceTree = "<group>"; };
		56572A882577CAB400AE33D9 /* ReplyItem.h */ = {isa = PBXFileReference; lastKnownFileType = sourcecode.c.h; path = ReplyItem.h; sourceTree = "<group>"; };
		56572A892577CAB400AE33D9 /* ReplyItem.m */ = {isa = PBXFileReference; lastKnownFileType = sourcecode.c.objc; path = ReplyItem.m; sourceTree = "<group>"; };
		56572AB72577D15A00AE33D9 /* MiniUserItem.h */ = {isa = PBXFileReference; lastKnownFileType = sourcecode.c.h; path = MiniUserItem.h; sourceTree = "<group>"; };
		56572AB82577D15A00AE33D9 /* MiniUserItem.m */ = {isa = PBXFileReference; lastKnownFileType = sourcecode.c.objc; path = MiniUserItem.m; sourceTree = "<group>"; };
		56572ABE2577D2F800AE33D9 /* CommentItem.h */ = {isa = PBXFileReference; lastKnownFileType = sourcecode.c.h; path = CommentItem.h; sourceTree = "<group>"; };
		56572ABF2577D2F800AE33D9 /* CommentItem.m */ = {isa = PBXFileReference; lastKnownFileType = sourcecode.c.objc; path = CommentItem.m; sourceTree = "<group>"; };
		56572AC32577D82900AE33D9 /* maleUser.png */ = {isa = PBXFileReference; lastKnownFileType = image.png; path = maleUser.png; sourceTree = "<group>"; };
		56572AC42577D82900AE33D9 /* femaleUser.png */ = {isa = PBXFileReference; lastKnownFileType = image.png; path = femaleUser.png; sourceTree = "<group>"; };
		56572AC52577D82900AE33D9 /* famale.png */ = {isa = PBXFileReference; lastKnownFileType = image.png; path = famale.png; sourceTree = "<group>"; };
		56572AC62577D82900AE33D9 /* male.png */ = {isa = PBXFileReference; lastKnownFileType = image.png; path = male.png; sourceTree = "<group>"; };
		56572AC72577D82900AE33D9 /* kawaii-dinosaur.png */ = {isa = PBXFileReference; lastKnownFileType = image.png; path = "kawaii-dinosaur.png"; sourceTree = "<group>"; };
		56572ACE2577E34F00AE33D9 /* CommentCellItem.h */ = {isa = PBXFileReference; lastKnownFileType = sourcecode.c.h; path = CommentCellItem.h; sourceTree = "<group>"; };
		56572ACF2577E34F00AE33D9 /* CommentCellItem.m */ = {isa = PBXFileReference; lastKnownFileType = sourcecode.c.objc; path = CommentCellItem.m; sourceTree = "<group>"; };
		56572AD22577E6BB00AE33D9 /* FullReplyItem.h */ = {isa = PBXFileReference; lastKnownFileType = sourcecode.c.h; path = FullReplyItem.h; sourceTree = "<group>"; };
		56572AD32577E6BB00AE33D9 /* FullReplyItem.m */ = {isa = PBXFileReference; lastKnownFileType = sourcecode.c.objc; path = FullReplyItem.m; sourceTree = "<group>"; };
		56572AD62577F5A300AE33D9 /* ReplyCell.h */ = {isa = PBXFileReference; lastKnownFileType = sourcecode.c.h; path = ReplyCell.h; sourceTree = "<group>"; };
		56572AD72577F5A300AE33D9 /* ReplyCell.m */ = {isa = PBXFileReference; lastKnownFileType = sourcecode.c.objc; path = ReplyCell.m; sourceTree = "<group>"; };
		56572AD82577F5A300AE33D9 /* ReplyCell.xib */ = {isa = PBXFileReference; lastKnownFileType = file.xib; path = ReplyCell.xib; sourceTree = "<group>"; };
		56572ADC257802B600AE33D9 /* FullContentItem.h */ = {isa = PBXFileReference; lastKnownFileType = sourcecode.c.h; path = FullContentItem.h; sourceTree = "<group>"; };
		56572ADD257802B600AE33D9 /* FullContentItem.m */ = {isa = PBXFileReference; lastKnownFileType = sourcecode.c.objc; path = FullContentItem.m; sourceTree = "<group>"; };
		56F90B1325788C4D0055A2B0 /* bookmark-color.png */ = {isa = PBXFileReference; lastKnownFileType = image.png; path = "bookmark-color.png"; sourceTree = "<group>"; };
		56F90B1425788C4E0055A2B0 /* like-color.png */ = {isa = PBXFileReference; lastKnownFileType = image.png; path = "like-color.png"; sourceTree = "<group>"; };
		56F90B1525788C4E0055A2B0 /* comments.png */ = {isa = PBXFileReference; lastKnownFileType = image.png; path = comments.png; sourceTree = "<group>"; };
		56F90B1B25789CCB0055A2B0 /* delete.png */ = {isa = PBXFileReference; lastKnownFileType = image.png; path = delete.png; sourceTree = "<group>"; };
		56F90B1E2578CED50055A2B0 /* AlbumItem.h */ = {isa = PBXFileReference; lastKnownFileType = sourcecode.c.h; path = AlbumItem.h; sourceTree = "<group>"; };
		56F90B1F2578CED50055A2B0 /* AlbumItem.m */ = {isa = PBXFileReference; lastKnownFileType = sourcecode.c.objc; path = AlbumItem.m; sourceTree = "<group>"; };
		56F90B222578D5AD0055A2B0 /* noImage.jpg */ = {isa = PBXFileReference; lastKnownFileType = image.jpeg; path = noImage.jpg; sourceTree = "<group>"; };
		851432155450AFC1E98CD4C1 /* Pods-mid.debug.xcconfig */ = {isa = PBXFileReference; includeInIndex = 1; lastKnownFileType = text.xcconfig; name = "Pods-mid.debug.xcconfig"; path = "Target Support Files/Pods-mid/Pods-mid.debug.xcconfig"; sourceTree = "<group>"; };
		F53B90CB129DAE2B4B92505A /* Pods-mid.release.xcconfig */ = {isa = PBXFileReference; includeInIndex = 1; lastKnownFileType = text.xcconfig; name = "Pods-mid.release.xcconfig"; path = "Target Support Files/Pods-mid/Pods-mid.release.xcconfig"; sourceTree = "<group>"; };
/* End PBXFileReference section */

/* Begin PBXFrameworksBuildPhase section */
		5656D2BE256B5851007B92B2 /* Frameworks */ = {
			isa = PBXFrameworksBuildPhase;
			buildActionMask = 2147483647;
			files = (
				02F0D62EE72ADD6E77DCDDD9 /* Pods_mid.framework in Frameworks */,
			);
			runOnlyForDeploymentPostprocessing = 0;
		};
/* End PBXFrameworksBuildPhase section */

/* Begin PBXGroup section */
		4B4100A2D8FACDAE3803C7E5 /* Frameworks */ = {
			isa = PBXGroup;
			children = (
				31DB1861D85445A3C7A32423 /* Pods_mid.framework */,
			);
			name = Frameworks;
			sourceTree = "<group>";
		};
		56510904256BA55F00163966 /* ViewControllers */ = {
			isa = PBXGroup;
			children = (
				565292BC25727F690007C033 /* Modules */,
				565109C1256CEF1700163966 /* UserCenterPage */,
				565109C0256CEF0A00163966 /* DiscoverPage */,
				5651095F256BE9D200163966 /* MainPage */,
				565108F4256B9FAF00163966 /* TabBarController.h */,
				565108F5256B9FAF00163966 /* TabBarController.m */,
			);
			path = ViewControllers;
			sourceTree = "<group>";
		};
		56510938256BB33100163966 /* assets */ = {
			isa = PBXGroup;
			children = (
				56510953256BD14700163966 /* pics */,
				56510939256BB34200163966 /* icons */,
			);
			path = assets;
			sourceTree = "<group>";
		};
		56510939256BB34200163966 /* icons */ = {
			isa = PBXGroup;
			children = (
				56F90B1B25789CCB0055A2B0 /* delete.png */,
				56F90B1325788C4D0055A2B0 /* bookmark-color.png */,
				56F90B1525788C4E0055A2B0 /* comments.png */,
				56F90B1425788C4E0055A2B0 /* like-color.png */,
				56572AC52577D82900AE33D9 /* famale.png */,
				56572AC42577D82900AE33D9 /* femaleUser.png */,
				56572AC72577D82900AE33D9 /* kawaii-dinosaur.png */,
				56572AC62577D82900AE33D9 /* male.png */,
				56572AC32577D82900AE33D9 /* maleUser.png */,
				5651099B256C205700163966 /* comment-filled.png */,
				5651099D256C205800163966 /* comment.png */,
				5651099C256C205700163966 /* fav-filled.png */,
				5651099E256C205800163966 /* fav.png */,
				5651099F256C205800163966 /* like-filled.png */,
				5651099A256C205700163966 /* like.png */,
				56510970256BED0700163966 /* user-filled@2x.png */,
				56510971256BED0700163966 /* user@2x.png */,
				56510967256BEB1400163966 /* add@2x.png */,
				56510957256BDB8D00163966 /* me@2x.png */,
				56510958256BDB8D00163966 /* people@2x.png */,
				5651094A256BC9F100163966 /* compass-filled@2x.png */,
				56510949256BC9F100163966 /* compass@2x.png */,
				5651094B256BC9F100163966 /* search-filled@2x.png */,
				56510946256BC9F100163966 /* search@2x.png */,
				56510947256BC9F100163966 /* setting-filled@2x.png */,
				56510948256BC9F100163966 /* setting@2x.png */,
			);
			path = icons;
			sourceTree = "<group>";
		};
		56510953256BD14700163966 /* pics */ = {
			isa = PBXGroup;
			children = (
				56F90B222578D5AD0055A2B0 /* noImage.jpg */,
				565729EA2573879900AE33D9 /* testAvator1.jpg */,
				565729EB2573879900AE33D9 /* testAvator2.jpg */,
				5652926D2571FB230007C033 /* testGroup1 */,
				5652926C2571FB160007C033 /* testGroup2 */,
				56510A0A256E22A500163966 /* chen.png */,
				565292732571FB3D0007C033 /* testPic.jpg */,
				565292762571FB3D0007C033 /* testPortrait.jpg */,
				5651096C256BEB6100163966 /* edvard-munch.png */,
			);
			path = pics;
			sourceTree = "<group>";
		};
		5651095F256BE9D200163966 /* MainPage */ = {
			isa = PBXGroup;
			children = (
				565108F8256BA50B00163966 /* MainPageViewController.h */,
				565108F9256BA50B00163966 /* MainPageViewController.m */,
			);
			path = MainPage;
			sourceTree = "<group>";
		};
		565109C0256CEF0A00163966 /* DiscoverPage */ = {
			isa = PBXGroup;
			children = (
				565108FC256BA51F00163966 /* DiscoverViewController.h */,
				565108FD256BA52000163966 /* DiscoverViewController.m */,
			);
			path = DiscoverPage;
			sourceTree = "<group>";
		};
		565109C1256CEF1700163966 /* UserCenterPage */ = {
			isa = PBXGroup;
			children = (
				565729AF25737CD100AE33D9 /* Subpages */,
				56510900256BA52B00163966 /* UserCenterViewController.h */,
				56510901256BA52B00163966 /* UserCenterViewController.m */,
			);
			path = UserCenterPage;
			sourceTree = "<group>";
		};
		5652922A256FC92D0007C033 /* PersonalPage */ = {
			isa = PBXGroup;
			children = (
				56529242256FF9420007C033 /* SubPages */,
				5652923B256FE7050007C033 /* ProfilePageViewController.h */,
				5652923C256FE7050007C033 /* ProfilePageViewController.m */,
			);
			path = PersonalPage;
			sourceTree = "<group>";
		};
		56529242256FF9420007C033 /* SubPages */ = {
			isa = PBXGroup;
			children = (
				56529243256FF9850007C033 /* PostViewController.h */,
				56529244256FF9850007C033 /* PostViewController.m */,
				56529248256FF9910007C033 /* AlbumViewController.h */,
				56529249256FF9910007C033 /* AlbumViewController.m */,
				565292A72572066A0007C033 /* InfoViewController.h */,
				565292A82572066A0007C033 /* InfoViewController.m */,
			);
			path = SubPages;
			sourceTree = "<group>";
		};
		5652926C2571FB160007C033 /* testGroup2 */ = {
			isa = PBXGroup;
			children = (
				5652929A2571FE980007C033 /* test200.jpg */,
				565292992571FE980007C033 /* test201.jpg */,
				565292942571FE980007C033 /* test202.jpg */,
				565292972571FE980007C033 /* test203.jpg */,
				565292952571FE980007C033 /* test204.jpg */,
				565292932571FE980007C033 /* test205.jpg */,
				565292962571FE980007C033 /* test206.jpg */,
				565292982571FE980007C033 /* test207.jpg */,
				5652929B2571FE990007C033 /* test208.jpg */,
			);
			path = testGroup2;
			sourceTree = "<group>";
		};
		5652926D2571FB230007C033 /* testGroup1 */ = {
			isa = PBXGroup;
			children = (
				56529260256FFFA50007C033 /* test100.jpg */,
				56529258256FFFA40007C033 /* test101.jpg */,
				5652925D256FFFA50007C033 /* test102.jpg */,
				5652925E256FFFA50007C033 /* test103.jpg */,
				5652925C256FFFA50007C033 /* test104.jpg */,
				56529259256FFFA40007C033 /* test105.jpg */,
				5652925A256FFFA40007C033 /* test106.jpg */,
				5652925F256FFFA50007C033 /* test107.jpg */,
				5652925B256FFFA40007C033 /* test108.jpg */,
			);
			path = testGroup1;
			sourceTree = "<group>";
		};
		565292BC25727F690007C033 /* Modules */ = {
			isa = PBXGroup;
			children = (
				565729F02573A99C00AE33D9 /* LogInPage */,
				565729A525737AA000AE33D9 /* PostCell */,
				5652922A256FC92D0007C033 /* PersonalPage */,
				5652930425735B560007C033 /* WritngPostPage */,
				565292C225727FF40007C033 /* CommentPage */,
				565292BD25727F840007C033 /* BigImage */,
			);
			path = Modules;
			sourceTree = "<group>";
		};
		565292BD25727F840007C033 /* BigImage */ = {
			isa = PBXGroup;
			children = (
				565109E4256D3C4E00163966 /* ImageSender.h */,
				565109E5256D3C4E00163966 /* ImageSender.m */,
				56510A00256D6C6F00163966 /* BigImageViewController.h */,
				56510A01256D6C6F00163966 /* BigImageViewController.m */,
			);
			path = BigImage;
			sourceTree = "<group>";
		};
		565292C225727FF40007C033 /* CommentPage */ = {
			isa = PBXGroup;
			children = (
				565292C3257280170007C033 /* CommentTableViewController.h */,
				565292C4257280170007C033 /* CommentTableViewController.m */,
				565292C825728C7F0007C033 /* CommentCell.h */,
				565292C925728C7F0007C033 /* CommentCell.m */,
				565292CA25728C7F0007C033 /* CommentCell.xib */,
				56572AD62577F5A300AE33D9 /* ReplyCell.h */,
				56572AD72577F5A300AE33D9 /* ReplyCell.m */,
				56572AD82577F5A300AE33D9 /* ReplyCell.xib */,
			);
			path = CommentPage;
			sourceTree = "<group>";
		};
		5652930425735B560007C033 /* WritngPostPage */ = {
			isa = PBXGroup;
			children = (
				565109A9256CDCEC00163966 /* WritingPostViewController.h */,
				565109AA256CDCEC00163966 /* WritingPostViewController.m */,
			);
			path = WritngPostPage;
			sourceTree = "<group>";
		};
		5656D2B8256B5851007B92B2 = {
			isa = PBXGroup;
			children = (
				5656D2C3256B5851007B92B2 /* mid */,
				5656D2C2256B5851007B92B2 /* Products */,
				E189D338F4D7A86268C23908 /* Pods */,
				4B4100A2D8FACDAE3803C7E5 /* Frameworks */,
			);
			sourceTree = "<group>";
		};
		5656D2C2256B5851007B92B2 /* Products */ = {
			isa = PBXGroup;
			children = (
				5656D2C1256B5851007B92B2 /* mid.app */,
			);
			name = Products;
			sourceTree = "<group>";
		};
		5656D2C3256B5851007B92B2 /* mid */ = {
			isa = PBXGroup;
			children = (
				56572A0E2574DF7800AE33D9 /* Models */,
				56510938256BB33100163966 /* assets */,
				56510904256BA55F00163966 /* ViewControllers */,
				5656D2C4256B5851007B92B2 /* AppDelegate.h */,
				5656D2C5256B5851007B92B2 /* AppDelegate.m */,
				5656D2C7256B5851007B92B2 /* SceneDelegate.h */,
				5656D2C8256B5851007B92B2 /* SceneDelegate.m */,
				5656D2D5256B5853007B92B2 /* Info.plist */,
				5656D2D6256B5853007B92B2 /* main.m */,
			);
			path = mid;
			sourceTree = "<group>";
		};
		565729A525737AA000AE33D9 /* PostCell */ = {
			isa = PBXGroup;
			children = (
				56510994256C1DD200163966 /* PostCell.h */,
				56510995256C1DD200163966 /* PostCell.m */,
				56510996256C1DD200163966 /* PostCell.xib */,
			);
			path = PostCell;
			sourceTree = "<group>";
		};
		565729AF25737CD100AE33D9 /* Subpages */ = {
			isa = PBXGroup;
			children = (
				565729B625737E2600AE33D9 /* InfoSettingViewController.h */,
				565729B725737E2600AE33D9 /* InfoSettingViewController.m */,
				565729BA25737ED200AE33D9 /* MessageViewController.h */,
				565729BB25737ED200AE33D9 /* MessageViewController.m */,
				565729BE25737EF600AE33D9 /* SystemSettingController.h */,
				565729BF25737EF600AE33D9 /* SystemSettingController.m */,
			);
			path = Subpages;
			sourceTree = "<group>";
		};
		565729F02573A99C00AE33D9 /* LogInPage */ = {
			isa = PBXGroup;
			children = (
				565729F72573AAC000AE33D9 /* LogInViewController.h */,
				565729F82573AAC000AE33D9 /* LogInViewController.m */,
				565729F92573AAC000AE33D9 /* LogInViewController.xib */,
			);
			path = LogInPage;
			sourceTree = "<group>";
		};
		56572A0E2574DF7800AE33D9 /* Models */ = {
			isa = PBXGroup;
			children = (
				56572A0F2574DF9200AE33D9 /* UserInfo.h */,
				56572A102574DF9200AE33D9 /* UserInfo.m */,
				56572A432575E4CC00AE33D9 /* ContentItem.h */,
				56572A442575E4CC00AE33D9 /* ContentItem.m */,
				56572A4825763CA800AE33D9 /* FullDataItem.h */,
				56572A4925763CA800AE33D9 /* FullDataItem.m */,
				56572A4F2577555E00AE33D9 /* FullCommentItem.h */,
				56572A502577555E00AE33D9 /* FullCommentItem.m */,
				56572A882577CAB400AE33D9 /* ReplyItem.h */,
				56572A892577CAB400AE33D9 /* ReplyItem.m */,
				56572AB72577D15A00AE33D9 /* MiniUserItem.h */,
				56572AB82577D15A00AE33D9 /* MiniUserItem.m */,
				56572ABE2577D2F800AE33D9 /* CommentItem.h */,
				56572ABF2577D2F800AE33D9 /* CommentItem.m */,
				56572ACE2577E34F00AE33D9 /* CommentCellItem.h */,
				56572ACF2577E34F00AE33D9 /* CommentCellItem.m */,
				56572AD22577E6BB00AE33D9 /* FullReplyItem.h */,
				56572AD32577E6BB00AE33D9 /* FullReplyItem.m */,
				56572ADC257802B600AE33D9 /* FullContentItem.h */,
				56572ADD257802B600AE33D9 /* FullContentItem.m */,
				56F90B1E2578CED50055A2B0 /* AlbumItem.h */,
				56F90B1F2578CED50055A2B0 /* AlbumItem.m */,
			);
			path = Models;
			sourceTree = "<group>";
		};
		E189D338F4D7A86268C23908 /* Pods */ = {
			isa = PBXGroup;
			children = (
				851432155450AFC1E98CD4C1 /* Pods-mid.debug.xcconfig */,
				F53B90CB129DAE2B4B92505A /* Pods-mid.release.xcconfig */,
			);
			path = Pods;
			sourceTree = "<group>";
		};
/* End PBXGroup section */

/* Begin PBXNativeTarget section */
		5656D2C0256B5851007B92B2 /* mid */ = {
			isa = PBXNativeTarget;
			buildConfigurationList = 5656D2DA256B5853007B92B2 /* Build configuration list for PBXNativeTarget "mid" */;
			buildPhases = (
				2356924EF27459FBA1647835 /* [CP] Check Pods Manifest.lock */,
				5656D2BD256B5851007B92B2 /* Sources */,
				5656D2BE256B5851007B92B2 /* Frameworks */,
				5656D2BF256B5851007B92B2 /* Resources */,
				85FAC91DEE80F86A050E0271 /* [CP] Embed Pods Frameworks */,
			);
			buildRules = (
			);
			dependencies = (
			);
			name = mid;
			productName = mid;
			productReference = 5656D2C1256B5851007B92B2 /* mid.app */;
			productType = "com.apple.product-type.application";
		};
/* End PBXNativeTarget section */

/* Begin PBXProject section */
		5656D2B9256B5851007B92B2 /* Project object */ = {
			isa = PBXProject;
			attributes = {
				LastUpgradeCheck = 1210;
				TargetAttributes = {
					5656D2C0256B5851007B92B2 = {
						CreatedOnToolsVersion = 12.1;
					};
				};
			};
			buildConfigurationList = 5656D2BC256B5851007B92B2 /* Build configuration list for PBXProject "mid" */;
			compatibilityVersion = "Xcode 9.3";
			developmentRegion = en;
			hasScannedForEncodings = 0;
			knownRegions = (
				en,
				Base,
			);
			mainGroup = 5656D2B8256B5851007B92B2;
			productRefGroup = 5656D2C2256B5851007B92B2 /* Products */;
			projectDirPath = "";
			projectRoot = "";
			targets = (
				5656D2C0256B5851007B92B2 /* mid */,
			);
		};
/* End PBXProject section */

/* Begin PBXResourcesBuildPhase section */
		5656D2BF256B5851007B92B2 /* Resources */ = {
			isa = PBXResourcesBuildPhase;
			buildActionMask = 2147483647;
			files = (
				565109B3256CE4C600163966 /* PostCell.xib in Resources */,
				56529263256FFFA50007C033 /* test106.jpg in Resources */,
				565109A5256C205800163966 /* like-filled.png in Resources */,
				5652929F2571FE990007C033 /* test206.jpg in Resources */,
				565729ED2573879900AE33D9 /* testAvator2.jpg in Resources */,
				56510959256BDB8D00163966 /* me@2x.png in Resources */,
				56529261256FFFA50007C033 /* test101.jpg in Resources */,
				565109A4256C205800163966 /* fav.png in Resources */,
				5651095A256BDB8D00163966 /* people@2x.png in Resources */,
				565292CC25728C7F0007C033 /* CommentCell.xib in Resources */,
				56529266256FFFA50007C033 /* test102.jpg in Resources */,
				56529267256FFFA50007C033 /* test103.jpg in Resources */,
				56529269256FFFA50007C033 /* test100.jpg in Resources */,
				56572ACC2577D82900AE33D9 /* kawaii-dinosaur.png in Resources */,
				56510950256BC9F100163966 /* compass-filled@2x.png in Resources */,
				565109A1256C205800163966 /* comment-filled.png in Resources */,
				5651094C256BC9F100163966 /* search@2x.png in Resources */,
				5651094F256BC9F100163966 /* compass@2x.png in Resources */,
				565292A22571FE990007C033 /* test201.jpg in Resources */,
				56510968256BEB1400163966 /* add@2x.png in Resources */,
				56510972256BED0700163966 /* user-filled@2x.png in Resources */,
				56572AC92577D82900AE33D9 /* femaleUser.png in Resources */,
				56510973256BED0700163966 /* user@2x.png in Resources */,
				5652929C2571FE990007C033 /* test205.jpg in Resources */,
				565292A02571FE990007C033 /* test203.jpg in Resources */,
				56529268256FFFA50007C033 /* test107.jpg in Resources */,
				56F90B1725788C4E0055A2B0 /* like-color.png in Resources */,
				56F90B232578D5AD0055A2B0 /* noImage.jpg in Resources */,
				56F90B1825788C4E0055A2B0 /* comments.png in Resources */,
				5652929D2571FE990007C033 /* test202.jpg in Resources */,
				56572ACB2577D82900AE33D9 /* male.png in Resources */,
				56F90B1C25789CCB0055A2B0 /* delete.png in Resources */,
				56572ADA2577F5A300AE33D9 /* ReplyCell.xib in Resources */,
				565729EC2573879900AE33D9 /* testAvator1.jpg in Resources */,
				5651094D256BC9F100163966 /* setting-filled@2x.png in Resources */,
				56510A0B256E22A500163966 /* chen.png in Resources */,
				565729FB2573AAC000AE33D9 /* LogInViewController.xib in Resources */,
				565109A2256C205800163966 /* fav-filled.png in Resources */,
				56572AC82577D82900AE33D9 /* maleUser.png in Resources */,
				5652929E2571FE990007C033 /* test204.jpg in Resources */,
				56529262256FFFA50007C033 /* test105.jpg in Resources */,
				56572ACA2577D82900AE33D9 /* famale.png in Resources */,
				565292822571FB3E0007C033 /* testPic.jpg in Resources */,
				565109A3256C205800163966 /* comment.png in Resources */,
				565109A0256C205800163966 /* like.png in Resources */,
				565292852571FB3E0007C033 /* testPortrait.jpg in Resources */,
				5651096D256BEB6100163966 /* edvard-munch.png in Resources */,
				56510951256BC9F100163966 /* search-filled@2x.png in Resources */,
				565292A32571FE990007C033 /* test200.jpg in Resources */,
				56F90B1625788C4E0055A2B0 /* bookmark-color.png in Resources */,
				565292A12571FE990007C033 /* test207.jpg in Resources */,
				565292A42571FE990007C033 /* test208.jpg in Resources */,
				56529264256FFFA50007C033 /* test108.jpg in Resources */,
				5651094E256BC9F100163966 /* setting@2x.png in Resources */,
				56529265256FFFA50007C033 /* test104.jpg in Resources */,
			);
			runOnlyForDeploymentPostprocessing = 0;
		};
/* End PBXResourcesBuildPhase section */

/* Begin PBXShellScriptBuildPhase section */
		2356924EF27459FBA1647835 /* [CP] Check Pods Manifest.lock */ = {
			isa = PBXShellScriptBuildPhase;
			buildActionMask = 2147483647;
			files = (
			);
			inputFileListPaths = (
			);
			inputPaths = (
				"${PODS_PODFILE_DIR_PATH}/Podfile.lock",
				"${PODS_ROOT}/Manifest.lock",
			);
			name = "[CP] Check Pods Manifest.lock";
			outputFileListPaths = (
			);
			outputPaths = (
				"$(DERIVED_FILE_DIR)/Pods-mid-checkManifestLockResult.txt",
			);
			runOnlyForDeploymentPostprocessing = 0;
			shellPath = /bin/sh;
			shellScript = "diff \"${PODS_PODFILE_DIR_PATH}/Podfile.lock\" \"${PODS_ROOT}/Manifest.lock\" > /dev/null\nif [ $? != 0 ] ; then\n    # print error to STDERR\n    echo \"error: The sandbox is not in sync with the Podfile.lock. Run 'pod install' or update your CocoaPods installation.\" >&2\n    exit 1\nfi\n# This output is used by Xcode 'outputs' to avoid re-running this script phase.\necho \"SUCCESS\" > \"${SCRIPT_OUTPUT_FILE_0}\"\n";
			showEnvVarsInLog = 0;
		};
		85FAC91DEE80F86A050E0271 /* [CP] Embed Pods Frameworks */ = {
			isa = PBXShellScriptBuildPhase;
			buildActionMask = 2147483647;
			files = (
			);
			inputFileListPaths = (
				"${PODS_ROOT}/Target Support Files/Pods-mid/Pods-mid-frameworks-${CONFIGURATION}-input-files.xcfilelist",
			);
			name = "[CP] Embed Pods Frameworks";
			outputFileListPaths = (
				"${PODS_ROOT}/Target Support Files/Pods-mid/Pods-mid-frameworks-${CONFIGURATION}-output-files.xcfilelist",
			);
			runOnlyForDeploymentPostprocessing = 0;
			shellPath = /bin/sh;
			shellScript = "\"${PODS_ROOT}/Target Support Files/Pods-mid/Pods-mid-frameworks.sh\"\n";
			showEnvVarsInLog = 0;
		};
/* End PBXShellScriptBuildPhase section */

/* Begin PBXSourcesBuildPhase section */
		5656D2BD256B5851007B92B2 /* Sources */ = {
			isa = PBXSourcesBuildPhase;
			buildActionMask = 2147483647;
			files = (
				56572ABC2577D1D100AE33D9 /* MiniUserItem.m in Sources */,
				56572A972577D0D600AE33D9 /* UserInfo.m in Sources */,
				56F90B202578CED50055A2B0 /* AlbumItem.m in Sources */,
				56572A982577D0D600AE33D9 /* ContentItem.m in Sources */,
				56572A992577D0D600AE33D9 /* FullDataItem.m in Sources */,
				56572A9A2577D0D600AE33D9 /* FullCommentItem.m in Sources */,
				56572A9B2577D0D600AE33D9 /* ReplyItem.m in Sources */,
				56572A9D2577D0D600AE33D9 /* LogInViewController.m in Sources */,
				56572A9E2577D0D600AE33D9 /* PostCell.m in Sources */,
				56572A9F2577D0D600AE33D9 /* PostViewController.m in Sources */,
				56572ADE257802B600AE33D9 /* FullContentItem.m in Sources */,
				56572AA02577D0D600AE33D9 /* AlbumViewController.m in Sources */,
				56572AA12577D0D600AE33D9 /* InfoViewController.m in Sources */,
				56572AA22577D0D600AE33D9 /* ProfilePageViewController.m in Sources */,
				56572AA32577D0D600AE33D9 /* WritingPostViewController.m in Sources */,
				56572AA42577D0D600AE33D9 /* CommentTableViewController.m in Sources */,
				56572AA52577D0D600AE33D9 /* CommentCell.m in Sources */,
				56572AA62577D0D600AE33D9 /* ImageSender.m in Sources */,
				56572AA72577D0D600AE33D9 /* BigImageViewController.m in Sources */,
				56572AA82577D0D600AE33D9 /* InfoSettingViewController.m in Sources */,
				56572AA92577D0D600AE33D9 /* MessageViewController.m in Sources */,
				56572AD02577E34F00AE33D9 /* CommentCellItem.m in Sources */,
				56572AAA2577D0D600AE33D9 /* SystemSettingController.m in Sources */,
				56572AD92577F5A300AE33D9 /* ReplyCell.m in Sources */,
				56572AAB2577D0D600AE33D9 /* UserCenterViewController.m in Sources */,
				56572AD42577E6BB00AE33D9 /* FullReplyItem.m in Sources */,
				56572AAC2577D0D600AE33D9 /* DiscoverViewController.m in Sources */,
				56572AC02577D2F800AE33D9 /* CommentItem.m in Sources */,
				56572AAD2577D0D600AE33D9 /* MainPageViewController.m in Sources */,
				56572AAE2577D0D600AE33D9 /* TabBarController.m in Sources */,
				56572AAF2577D0D600AE33D9 /* AppDelegate.m in Sources */,
				56572AB02577D0D600AE33D9 /* SceneDelegate.m in Sources */,
				56572AB12577D0D600AE33D9 /* main.m in Sources */,
			);
			runOnlyForDeploymentPostprocessing = 0;
		};
/* End PBXSourcesBuildPhase section */

/* Begin XCBuildConfiguration section */
		5656D2D8256B5853007B92B2 /* Debug */ = {
			isa = XCBuildConfiguration;
			buildSettings = {
				ALWAYS_SEARCH_USER_PATHS = NO;
				CLANG_ANALYZER_NONNULL = YES;
				CLANG_ANALYZER_NUMBER_OBJECT_CONVERSION = YES_AGGRESSIVE;
				CLANG_CXX_LANGUAGE_STANDARD = "gnu++14";
				CLANG_CXX_LIBRARY = "libc++";
				CLANG_ENABLE_MODULES = YES;
				CLANG_ENABLE_OBJC_ARC = YES;
				CLANG_ENABLE_OBJC_WEAK = YES;
				CLANG_WARN_BLOCK_CAPTURE_AUTORELEASING = YES;
				CLANG_WARN_BOOL_CONVERSION = YES;
				CLANG_WARN_COMMA = YES;
				CLANG_WARN_CONSTANT_CONVERSION = YES;
				CLANG_WARN_DEPRECATED_OBJC_IMPLEMENTATIONS = YES;
				CLANG_WARN_DIRECT_OBJC_ISA_USAGE = YES_ERROR;
				CLANG_WARN_DOCUMENTATION_COMMENTS = YES;
				CLANG_WARN_EMPTY_BODY = YES;
				CLANG_WARN_ENUM_CONVERSION = YES;
				CLANG_WARN_INFINITE_RECURSION = YES;
				CLANG_WARN_INT_CONVERSION = YES;
				CLANG_WARN_NON_LITERAL_NULL_CONVERSION = YES;
				CLANG_WARN_OBJC_IMPLICIT_RETAIN_SELF = YES;
				CLANG_WARN_OBJC_LITERAL_CONVERSION = YES;
				CLANG_WARN_OBJC_ROOT_CLASS = YES_ERROR;
				CLANG_WARN_QUOTED_INCLUDE_IN_FRAMEWORK_HEADER = YES;
				CLANG_WARN_RANGE_LOOP_ANALYSIS = YES;
				CLANG_WARN_STRICT_PROTOTYPES = YES;
				CLANG_WARN_SUSPICIOUS_MOVE = YES;
				CLANG_WARN_UNGUARDED_AVAILABILITY = YES_AGGRESSIVE;
				CLANG_WARN_UNREACHABLE_CODE = YES;
				CLANG_WARN__DUPLICATE_METHOD_MATCH = YES;
				COPY_PHASE_STRIP = NO;
				DEBUG_INFORMATION_FORMAT = dwarf;
				ENABLE_STRICT_OBJC_MSGSEND = YES;
				ENABLE_TESTABILITY = YES;
				GCC_C_LANGUAGE_STANDARD = gnu11;
				GCC_DYNAMIC_NO_PIC = NO;
				GCC_NO_COMMON_BLOCKS = YES;
				GCC_OPTIMIZATION_LEVEL = 0;
				GCC_PREPROCESSOR_DEFINITIONS = (
					"DEBUG=1",
					"$(inherited)",
				);
				GCC_WARN_64_TO_32_BIT_CONVERSION = YES;
				GCC_WARN_ABOUT_RETURN_TYPE = YES_ERROR;
				GCC_WARN_UNDECLARED_SELECTOR = YES;
				GCC_WARN_UNINITIALIZED_AUTOS = YES_AGGRESSIVE;
				GCC_WARN_UNUSED_FUNCTION = YES;
				GCC_WARN_UNUSED_VARIABLE = YES;
				IPHONEOS_DEPLOYMENT_TARGET = 14.1;
				MTL_ENABLE_DEBUG_INFO = INCLUDE_SOURCE;
				MTL_FAST_MATH = YES;
				ONLY_ACTIVE_ARCH = YES;
				SDKROOT = iphoneos;
			};
			name = Debug;
		};
		5656D2D9256B5853007B92B2 /* Release */ = {
			isa = XCBuildConfiguration;
			buildSettings = {
				ALWAYS_SEARCH_USER_PATHS = NO;
				CLANG_ANALYZER_NONNULL = YES;
				CLANG_ANALYZER_NUMBER_OBJECT_CONVERSION = YES_AGGRESSIVE;
				CLANG_CXX_LANGUAGE_STANDARD = "gnu++14";
				CLANG_CXX_LIBRARY = "libc++";
				CLANG_ENABLE_MODULES = YES;
				CLANG_ENABLE_OBJC_ARC = YES;
				CLANG_ENABLE_OBJC_WEAK = YES;
				CLANG_WARN_BLOCK_CAPTURE_AUTORELEASING = YES;
				CLANG_WARN_BOOL_CONVERSION = YES;
				CLANG_WARN_COMMA = YES;
				CLANG_WARN_CONSTANT_CONVERSION = YES;
				CLANG_WARN_DEPRECATED_OBJC_IMPLEMENTATIONS = YES;
				CLANG_WARN_DIRECT_OBJC_ISA_USAGE = YES_ERROR;
				CLANG_WARN_DOCUMENTATION_COMMENTS = YES;
				CLANG_WARN_EMPTY_BODY = YES;
				CLANG_WARN_ENUM_CONVERSION = YES;
				CLANG_WARN_INFINITE_RECURSION = YES;
				CLANG_WARN_INT_CONVERSION = YES;
				CLANG_WARN_NON_LITERAL_NULL_CONVERSION = YES;
				CLANG_WARN_OBJC_IMPLICIT_RETAIN_SELF = YES;
				CLANG_WARN_OBJC_LITERAL_CONVERSION = YES;
				CLANG_WARN_OBJC_ROOT_CLASS = YES_ERROR;
				CLANG_WARN_QUOTED_INCLUDE_IN_FRAMEWORK_HEADER = YES;
				CLANG_WARN_RANGE_LOOP_ANALYSIS = YES;
				CLANG_WARN_STRICT_PROTOTYPES = YES;
				CLANG_WARN_SUSPICIOUS_MOVE = YES;
				CLANG_WARN_UNGUARDED_AVAILABILITY = YES_AGGRESSIVE;
				CLANG_WARN_UNREACHABLE_CODE = YES;
				CLANG_WARN__DUPLICATE_METHOD_MATCH = YES;
				COPY_PHASE_STRIP = NO;
				DEBUG_INFORMATION_FORMAT = "dwarf-with-dsym";
				ENABLE_NS_ASSERTIONS = NO;
				ENABLE_STRICT_OBJC_MSGSEND = YES;
				GCC_C_LANGUAGE_STANDARD = gnu11;
				GCC_NO_COMMON_BLOCKS = YES;
				GCC_WARN_64_TO_32_BIT_CONVERSION = YES;
				GCC_WARN_ABOUT_RETURN_TYPE = YES_ERROR;
				GCC_WARN_UNDECLARED_SELECTOR = YES;
				GCC_WARN_UNINITIALIZED_AUTOS = YES_AGGRESSIVE;
				GCC_WARN_UNUSED_FUNCTION = YES;
				GCC_WARN_UNUSED_VARIABLE = YES;
				IPHONEOS_DEPLOYMENT_TARGET = 14.1;
				MTL_ENABLE_DEBUG_INFO = NO;
				MTL_FAST_MATH = YES;
				SDKROOT = iphoneos;
				VALIDATE_PRODUCT = YES;
			};
			name = Release;
		};
		5656D2DB256B5853007B92B2 /* Debug */ = {
			isa = XCBuildConfiguration;
			baseConfigurationReference = 851432155450AFC1E98CD4C1 /* Pods-mid.debug.xcconfig */;
			buildSettings = {
				ASSETCATALOG_COMPILER_GLOBAL_ACCENT_COLOR_NAME = AccentColor;
				CODE_SIGN_STYLE = Automatic;
				INFOPLIST_FILE = mid/Info.plist;
				IPHONEOS_DEPLOYMENT_TARGET = 14.2;
				LD_RUNPATH_SEARCH_PATHS = (
					"$(inherited)",
					"@executable_path/Frameworks",
				);
				PRODUCT_BUNDLE_IDENTIFIER = lab123.mid;
				PRODUCT_NAME = "$(TARGET_NAME)";
				TARGETED_DEVICE_FAMILY = "1,2";
			};
			name = Debug;
		};
		5656D2DC256B5853007B92B2 /* Release */ = {
			isa = XCBuildConfiguration;
			baseConfigurationReference = F53B90CB129DAE2B4B92505A /* Pods-mid.release.xcconfig */;
			buildSettings = {
				ASSETCATALOG_COMPILER_GLOBAL_ACCENT_COLOR_NAME = AccentColor;
				CODE_SIGN_STYLE = Automatic;
				INFOPLIST_FILE = mid/Info.plist;
				IPHONEOS_DEPLOYMENT_TARGET = 14.2;
				LD_RUNPATH_SEARCH_PATHS = (
					"$(inherited)",
					"@executable_path/Frameworks",
				);
				PRODUCT_BUNDLE_IDENTIFIER = lab123.mid;
				PRODUCT_NAME = "$(TARGET_NAME)";
				TARGETED_DEVICE_FAMILY = "1,2";
			};
			name = Release;
		};
/* End XCBuildConfiguration section */

/* Begin XCConfigurationList section */
		5656D2BC256B5851007B92B2 /* Build configuration list for PBXProject "mid" */ = {
			isa = XCConfigurationList;
			buildConfigurations = (
				5656D2D8256B5853007B92B2 /* Debug */,
				5656D2D9256B5853007B92B2 /* Release */,
			);
			defaultConfigurationIsVisible = 0;
			defaultConfigurationName = Release;
		};
		5656D2DA256B5853007B92B2 /* Build configuration list for PBXNativeTarget "mid" */ = {
			isa = XCConfigurationList;
			buildConfigurations = (
				5656D2DB256B5853007B92B2 /* Debug */,
				5656D2DC256B5853007B92B2 /* Release */,
			);
			defaultConfigurationIsVisible = 0;
			defaultConfigurationName = Release;
		};
/* End XCConfigurationList section */
	};
	rootObject = 5656D2B9256B5851007B92B2 /* Project object */;
}
