PODS:
  - AFNetworking (4.0.1):
    - AFNetworking/NSURLSession (= 4.0.1)
    - AFNetworking/Reachability (= 4.0.1)
    - AFNetworking/Security (= 4.0.1)
    - AFNetworking/Serialization (= 4.0.1)
    - AFNetworking/UIKit (= 4.0.1)
  - AFNetworking/NSURLSession (4.0.1):
    - AFNetworking/Reachability
    - AFNetworking/Security
    - AFNetworking/Serialization
  - AFNetworking/Reachability (4.0.1)
  - AFNetworking/Security (4.0.1)
  - AFNetworking/Serialization (4.0.1)
  - AFNetworking/UIKit (4.0.1):
    - AFNetworking/NSURLSession
  - CYLTabBarController (1.29.0):
    - CYLTabBarController/Core (= 1.29.0)
  - CYLTabBarController/Core (1.29.0)
  - DZNEmptyDataSet (1.8.1)
  - FTPopOverMenu (2.1.1)
  - Masonry (1.1.0)
  - MaterialComponents/AnimationTiming (119.3.0)
  - MaterialComponents/Availability (119.3.0)
  - MaterialComponents/Buttons (119.3.0):
    - MaterialComponents/Elevation
    - MaterialComponents/Ink
    - MaterialComponents/private/Math
    - MaterialComponents/Ripple
    - MaterialComponents/ShadowElevations
    - MaterialComponents/ShadowLayer
    - MaterialComponents/ShapeLibrary
    - MaterialComponents/Shapes
    - MaterialComponents/Typography
    - MDFInternationalization
    - MDFTextAccessibility
  - "MaterialComponents/Buttons+ColorThemer (119.3.0)":
    - MaterialComponents/Buttons
    - MaterialComponents/schemes/Color
  - "MaterialComponents/Buttons+ShapeThemer (119.3.0)":
    - MaterialComponents/Buttons
    - MaterialComponents/schemes/Shape
  - "MaterialComponents/Buttons+Theming (119.3.0)":
    - MaterialComponents/Buttons
    - "MaterialComponents/Buttons+ColorThemer"
    - "MaterialComponents/Buttons+ShapeThemer"
    - "MaterialComponents/Buttons+TypographyThemer"
    - MaterialComponents/schemes/Container
    - MaterialComponents/ShadowElevations
  - "MaterialComponents/Buttons+TypographyThemer (119.3.0)":
    - MaterialComponents/Buttons
    - MaterialComponents/schemes/Typography
  - MaterialComponents/Cards (119.3.0):
    - MaterialComponents/Elevation
    - MaterialComponents/Ink
    - MaterialComponents/private/Icons/ic_check_circle
    - MaterialComponents/private/Math
    - MaterialComponents/Ripple
    - MaterialComponents/ShadowLayer
    - MaterialComponents/Shapes
  - "MaterialComponents/Cards+Theming (119.3.0)":
    - MaterialComponents/Cards
    - MaterialComponents/schemes/Container
  - MaterialComponents/Dialogs (119.3.0):
    - MaterialComponents/Buttons
    - MaterialComponents/Elevation
    - MaterialComponents/private/KeyboardWatcher
    - MaterialComponents/private/Math
    - MaterialComponents/ShadowElevations
    - MaterialComponents/ShadowLayer
    - MaterialComponents/Typography
    - MDFInternationalization
  - MaterialComponents/Elevation (119.3.0):
    - MaterialComponents/Availability
    - MaterialComponents/private/Color
    - MaterialComponents/private/Math
  - MaterialComponents/Ink (119.3.0):
    - MaterialComponents/Availability
    - MaterialComponents/private/Color
    - MaterialComponents/private/Math
  - MaterialComponents/private/Application (119.3.0)
  - MaterialComponents/private/Color (119.3.0):
    - MaterialComponents/Availability
  - MaterialComponents/private/Icons/Base (119.3.0)
  - MaterialComponents/private/Icons/ic_check_circle (119.3.0):
    - MaterialComponents/private/Icons/Base
  - MaterialComponents/private/KeyboardWatcher (119.3.0):
    - MaterialComponents/private/Application
  - MaterialComponents/private/Math (119.3.0)
  - "MaterialComponents/private/TextControlsPrivate+BaseStyle (119.3.0)":
    - MaterialComponents/AnimationTiming
    - MaterialComponents/private/Math
    - "MaterialComponents/private/TextControlsPrivate+Shared"
  - "MaterialComponents/private/TextControlsPrivate+FilledStyle (119.3.0)":
    - MaterialComponents/AnimationTiming
    - MaterialComponents/Availability
    - MaterialComponents/private/Math
    - "MaterialComponents/private/TextControlsPrivate+Shared"
    - "MaterialComponents/private/TextControlsPrivate+UnderlinedStyle"
  - "MaterialComponents/private/TextControlsPrivate+OutlinedStyle (119.3.0)":
    - MaterialComponents/AnimationTiming
    - MaterialComponents/Availability
    - MaterialComponents/private/Math
    - "MaterialComponents/private/TextControlsPrivate+Shared"
  - "MaterialComponents/private/TextControlsPrivate+Shared (119.3.0)":
    - MaterialComponents/AnimationTiming
    - MaterialComponents/private/Math
    - "MaterialComponents/TextControls+Enums"
  - "MaterialComponents/private/TextControlsPrivate+TextFields (119.3.0)":
    - MaterialComponents/private/Math
    - "MaterialComponents/private/TextControlsPrivate+Shared"
  - "MaterialComponents/private/TextControlsPrivate+UnderlinedStyle (119.3.0)":
    - MaterialComponents/AnimationTiming
    - MaterialComponents/Availability
    - MaterialComponents/private/Math
    - "MaterialComponents/private/TextControlsPrivate+Shared"
  - MaterialComponents/Ripple (119.3.0):
    - MaterialComponents/AnimationTiming
    - MaterialComponents/Availability
    - MaterialComponents/private/Color
    - MaterialComponents/private/Math
  - MaterialComponents/schemes/Color (119.3.0):
    - MaterialComponents/Availability
    - MaterialComponents/private/Color
  - MaterialComponents/schemes/Container (119.3.0):
    - MaterialComponents/schemes/Color
    - MaterialComponents/schemes/Shape
    - MaterialComponents/schemes/Typography
  - MaterialComponents/schemes/Shape (119.3.0):
    - MaterialComponents/ShapeLibrary
    - MaterialComponents/Shapes
  - MaterialComponents/schemes/Typography (119.3.0):
    - "MaterialComponents/schemes/Typography+BasicFontScheme"
    - "MaterialComponents/schemes/Typography+Scheming"
    - MaterialComponents/Typography
  - "MaterialComponents/schemes/Typography+BasicFontScheme (119.3.0)"
  - "MaterialComponents/schemes/Typography+Scheming (119.3.0)"
  - MaterialComponents/ShadowElevations (119.3.0)
  - MaterialComponents/ShadowLayer (119.3.0):
    - MaterialComponents/ShadowElevations
  - MaterialComponents/ShapeLibrary (119.3.0):
    - MaterialComponents/private/Math
    - MaterialComponents/Shapes
  - MaterialComponents/Shapes (119.3.0):
    - MaterialComponents/private/Color
    - MaterialComponents/private/Math
    - MaterialComponents/ShadowLayer
  - "MaterialComponents/Tabs+TabBarView (119.3.0)":
    - MaterialComponents/AnimationTiming
    - MaterialComponents/private/Math
    - MaterialComponents/Ripple
    - MDFInternationalization
  - "MaterialComponents/TextControls+BaseTextAreas (119.3.0)":
    - "MaterialComponents/private/TextControlsPrivate+BaseStyle"
    - "MaterialComponents/private/TextControlsPrivate+Shared"
    - MDFInternationalization
  - "MaterialComponents/TextControls+BaseTextFields (119.3.0)":
    - "MaterialComponents/private/TextControlsPrivate+BaseStyle"
    - "MaterialComponents/private/TextControlsPrivate+Shared"
    - "MaterialComponents/private/TextControlsPrivate+TextFields"
    - MDFInternationalization
  - "MaterialComponents/TextControls+Enums (119.3.0)"
  - "MaterialComponents/TextControls+FilledTextAreas (119.3.0)":
    - MaterialComponents/Availability
    - "MaterialComponents/private/TextControlsPrivate+FilledStyle"
    - "MaterialComponents/TextControls+BaseTextAreas"
  - "MaterialComponents/TextControls+FilledTextFields (119.3.0)":
    - MaterialComponents/Availability
    - "MaterialComponents/private/TextControlsPrivate+FilledStyle"
    - "MaterialComponents/TextControls+BaseTextFields"
  - "MaterialComponents/TextControls+OutlinedTextAreas (119.3.0)":
    - MaterialComponents/Availability
    - "MaterialComponents/private/TextControlsPrivate+OutlinedStyle"
    - "MaterialComponents/TextControls+BaseTextAreas"
  - "MaterialComponents/TextControls+OutlinedTextFields (119.3.0)":
    - MaterialComponents/Availability
    - "MaterialComponents/private/TextControlsPrivate+OutlinedStyle"
    - "MaterialComponents/TextControls+BaseTextFields"
  - MaterialComponents/Typography (119.3.0):
    - MaterialComponents/private/Application
    - MaterialComponents/private/Math
    - MDFTextAccessibility
  - MDFInternationalization (2.0.0)
  - MDFTextAccessibility (2.0.0)
  - MJRefresh (3.5.0)
  - MXPagerView (0.2.1)
  - MXParallaxHeader (1.1.0)
  - MXSegmentedControl (1.1.0)
  - MXSegmentedPager (4.0.0):
    - MXPagerView (~> 0.2)
    - MXParallaxHeader (~> 1.0)
    - MXSegmentedControl (~> 1.1)
  - SDWebImage (5.10.0):
    - SDWebImage/Core (= 5.10.0)
  - SDWebImage/Core (5.10.0)
  - SJBaseVideoPlayer (3.4.5):
    - Masonry
    - SJBaseVideoPlayer/AVPlayer (= 3.4.5)
    - SJBaseVideoPlayer/Common (= 3.4.5)
    - SJUIKit/AttributesFactory (>= 0.0.0.38)
    - SJUIKit/ObserverHelper
    - SJUIKit/Queues
    - SJUIKit/SQLite3
  - SJBaseVideoPlayer/AVPlayer (3.4.5):
    - Masonry
    - SJBaseVideoPlayer/Common
    - SJUIKit/AttributesFactory (>= 0.0.0.38)
    - SJUIKit/ObserverHelper
    - SJUIKit/Queues
    - SJUIKit/SQLite3
  - SJBaseVideoPlayer/Common (3.4.5):
    - Masonry
    - SJBaseVideoPlayer/ResourceLoader
    - SJUIKit/AttributesFactory (>= 0.0.0.38)
    - SJUIKit/ObserverHelper
    - SJUIKit/Queues
    - SJUIKit/SQLite3
  - SJBaseVideoPlayer/ResourceLoader (3.4.5):
    - Masonry
    - SJUIKit/AttributesFactory (>= 0.0.0.38)
    - SJUIKit/ObserverHelper
    - SJUIKit/Queues
    - SJUIKit/SQLite3
  - SJUIKit/AttributesFactory (0.0.0.51):
    - SJUIKit/AttributesFactory/Deprecated (= 0.0.0.51)
    - SJUIKit/AttributesFactory/UIKitText (= 0.0.0.51)
  - SJUIKit/AttributesFactory/Deprecated (0.0.0.51)
  - SJUIKit/AttributesFactory/UIKitText (0.0.0.51)
  - SJUIKit/ObserverHelper (0.0.0.51)
  - SJUIKit/Queues (0.0.0.51)
  - SJUIKit/SQLite3 (0.0.0.51):
    - SJUIKit/SQLite3/Core (= 0.0.0.51)
    - SJUIKit/SQLite3/Protocol (= 0.0.0.51)
    - YYModel
  - SJUIKit/SQLite3/Core (0.0.0.51):
    - SJUIKit/SQLite3/Protocol
    - YYModel
  - SJUIKit/SQLite3/Protocol (0.0.0.51):
    - YYModel
  - SJVideoPlayer (3.2.9):
    - SJBaseVideoPlayer (>= 3.4.5)
    - SJVideoPlayer/Common (= 3.2.9)
    - SJVideoPlayer/ControlLayers (= 3.2.9)
    - SJVideoPlayer/ResourceLoader (= 3.2.9)
  - SJVideoPlayer/Common (3.2.9):
    - Masonry
    - SJBaseVideoPlayer (>= 3.4.5)
    - SJUIKit/AttributesFactory
    - SJVideoPlayer/ResourceLoader
  - SJVideoPlayer/ControlLayers (3.2.9):
    - SJBaseVideoPlayer (>= 3.4.5)
    - SJVideoPlayer/Common
  - SJVideoPlayer/ResourceLoader (3.2.9):
    - SJBaseVideoPlayer (>= 3.4.5)
  - "UITextView+Placeholder (1.4.0)"
  - YYModel (1.0.4)

DEPENDENCIES:
  - AFNetworking
  - CYLTabBarController
  - DZNEmptyDataSet
  - FTPopOverMenu
  - Masonry
  - "MaterialComponents/Buttons+Theming"
  - "MaterialComponents/Cards+Theming"
  - MaterialComponents/Dialogs
  - "MaterialComponents/Tabs+TabBarView"
  - "MaterialComponents/TextControls+FilledTextAreas"
  - "MaterialComponents/TextControls+FilledTextFields"
  - "MaterialComponents/TextControls+OutlinedTextAreas"
  - "MaterialComponents/TextControls+OutlinedTextFields"
  - MJRefresh
  - MXParallaxHeader
  - MXSegmentedPager
  - SDWebImage
  - SJVideoPlayer
  - "UITextView+Placeholder"

SPEC REPOS:
  trunk:
    - AFNetworking
    - CYLTabBarController
    - DZNEmptyDataSet
    - FTPopOverMenu
    - Masonry
    - MaterialComponents
    - MDFInternationalization
    - MDFTextAccessibility
    - MJRefresh
    - MXPagerView
    - MXParallaxHeader
    - MXSegmentedControl
    - MXSegmentedPager
    - SDWebImage
    - SJBaseVideoPlayer
    - SJUIKit
    - SJVideoPlayer
    - "UITextView+Placeholder"
    - YYModel

SPEC CHECKSUMS:
  AFNetworking: 7864c38297c79aaca1500c33288e429c3451fdce
  CYLTabBarController: f5460b8446f82d016945d4d53895a1ef185b79e3
  DZNEmptyDataSet: 9525833b9e68ac21c30253e1d3d7076cc828eaa7
  FTPopOverMenu: 202d46aea0656307fd463fac0340c9c8837158d2
  Masonry: 678fab65091a9290e40e2832a55e7ab731aad201
  MaterialComponents: 49658f0fd7ef6e098e9943fce3f293e700595570
  MDFInternationalization: 010097556d6b09d2c4ea38e0820ea6d37be6a314
  MDFTextAccessibility: 85c09a1bd9c321f494348e632a25063bcda35a53
  MJRefresh: 6afc955813966afb08305477dd7a0d9ad5e79a16
  MXPagerView: ede184b5191b2ed689ccf05a750a9978cce42414
  MXParallaxHeader: de3c867e10ba46e8f6e20c8ee1f2a910372b3b94
  MXSegmentedControl: f39e46199a52cbc03b1c845e150215119f2542f5
  MXSegmentedPager: 527ee76513c96e6607eebe473fe49b7ab4971616
  SDWebImage: 9169792e9eec3e45bba2a0c02f74bf8bd922d1ee
  SJBaseVideoPlayer: 0ecccbae3bf6cad55187113247ea88f711bef276
  SJUIKit: bdf86af3648e70483c57e2bfe2fcc7531337fa54
  SJVideoPlayer: 3cccc263bc03edccedc1b2be887b903e3dfca106
  "UITextView+Placeholder": d7b0c400921f66523f3a85d74f774512e14f6502
  YYModel: 2a7fdd96aaa4b86a824e26d0c517de8928c04b30

PODFILE CHECKSUM: 158b66756881b57e3134cfc05bfdc01b74bcedd5

COCOAPODS: 1.10.0
